
Microsoft Visual Studio Solution File, Format Version 12.00
# Visual Studio Version 16
VisualStudioVersion = 16.0.30225.117
MinimumVisualStudioVersion = 10.0.40219.1
Project("{FAE04EC0-301F-11D3-BF4B-00C04F79EFBC}") = "BMICalc.Android", "BMICalc\BMICalc.Android\BMICalc.Android.csproj", "{1CFEBF88-4A4F-46B9-A79F-0F0CEBB3D0A9}"
EndProject
Project("{FAE04EC0-301F-11D3-BF4B-00C04F79EFBC}") = "BMICalc.iOS", "BMICalc\BMICalc.iOS\BMICalc.iOS.csproj", "{C75F6C2C-DE75-4FFE-9330-E252F6A12B89}"
EndProject
Project("{9A19103F-16F7-4668-BE54-9A1E7A4F7556}") = "BMICalc", "BMICalc\BMICalc\BMICalc.csproj", "{65484B4D-9128-4E87-889A-4D07AFB80DE3}"
EndProject
Project("{FAE04EC0-301F-11D3-BF4B-00C04F79EFBC}") = "BMICalc.Test", "BMICalc.Test\BMICalc.Test.csproj", "{679BACB5-07A0-4BE1-A513-54D6492FA9B7}"
EndProject
Global
	GlobalSection(SolutionConfigurationPlatforms) = preSolution
		Debug|Any CPU = Debug|Any CPU
		Debug|iPhone = Debug|iPhone
		Debug|iPhoneSimulator = Debug|iPhoneSimulator
		Release|Any CPU = Release|Any CPU
		Release|iPhone = Release|iPhone
		Release|iPhoneSimulator = Release|iPhoneSimulator
	EndGlobalSection
	GlobalSection(ProjectConfigurationPlatforms) = postSolution
		{1CFEBF88-4A4F-46B9-A79F-0F0CEBB3D0A9}.Debug|Any CPU.ActiveCfg = Debug|Any CPU
		{1CFEBF88-4A4F-46B9-A79F-0F0CEBB3D0A9}.Debug|Any CPU.Build.0 = Debug|Any CPU
		{1CFEBF88-4A4F-46B9-A79F-0F0CEBB3D0A9}.Debug|Any CPU.Deploy.0 = Debug|Any CPU
		{1CFEBF88-4A4F-46B9-A79F-0F0CEBB3D0A9}.Debug|iPhone.ActiveCfg = Debug|Any CPU
		{1CFEBF88-4A4F-46B9-A79F-0F0CEBB3D0A9}.Debug|iPhone.Build.0 = Debug|Any CPU
		{1CFEBF88-4A4F-46B9-A79F-0F0CEBB3D0A9}.Debug|iPhone.Deploy.0 = Debug|Any CPU
		{1CFEBF88-4A4F-46B9-A79F-0F0CEBB3D0A9}.Debug|iPhoneSimulator.ActiveCfg = Debug|Any CPU
		{1CFEBF88-4A4F-46B9-A79F-0F0CEBB3D0A9}.Debug|iPhoneSimulator.Build.0 = Debug|Any CPU
		{1CFEBF88-4A4F-46B9-A79F-0F0CEBB3D0A9}.Debug|iPhoneSimulator.Deploy.0 = Debug|Any CPU
		{1CFEBF88-4A4F-46B9-A79F-0F0CEBB3D0A9}.Release|Any CPU.ActiveCfg = Release|Any CPU
		{1CFEBF88-4A4F-46B9-A79F-0F0CEBB3D0A9}.Release|Any CPU.Build.0 = Release|Any CPU
		{1CFEBF88-4A4F-46B9-A79F-0F0CEBB3D0A9}.Release|Any CPU.Deploy.0 = Release|Any CPU
		{1CFEBF88-4A4F-46B9-A79F-0F0CEBB3D0A9}.Release|iPhone.ActiveCfg = Release|Any CPU
		{1CFEBF88-4A4F-46B9-A79F-0F0CEBB3D0A9}.Release|iPhone.Build.0 = Release|Any CPU
		{1CFEBF88-4A4F-46B9-A79F-0F0CEBB3D0A9}.Release|iPhone.Deploy.0 = Release|Any CPU
		{1CFEBF88-4A4F-46B9-A79F-0F0CEBB3D0A9}.Release|iPhoneSimulator.ActiveCfg = Release|Any CPU
		{1CFEBF88-4A4F-46B9-A79F-0F0CEBB3D0A9}.Release|iPhoneSimulator.Build.0 = Release|Any CPU
		{1CFEBF88-4A4F-46B9-A79F-0F0CEBB3D0A9}.Release|iPhoneSimulator.Deploy.0 = Release|Any CPU
		{C75F6C2C-DE75-4FFE-9330-E252F6A12B89}.Debug|Any CPU.ActiveCfg = Debug|iPhone
		{C75F6C2C-DE75-4FFE-9330-E252F6A12B89}.Debug|Any CPU.Build.0 = Debug|iPhone
		{C75F6C2C-DE75-4FFE-9330-E252F6A12B89}.Debug|Any CPU.Deploy.0 = Debug|iPhone
		{C75F6C2C-DE75-4FFE-9330-E252F6A12B89}.Debug|iPhone.ActiveCfg = Debug|iPhone
		{C75F6C2C-DE75-4FFE-9330-E252F6A12B89}.Debug|iPhone.Build.0 = Debug|iPhone
		{C75F6C2C-DE75-4FFE-9330-E252F6A12B89}.Debug|iPhone.Deploy.0 = Debug|iPhone
		{C75F6C2C-DE75-4FFE-9330-E252F6A12B89}.Debug|iPhoneSimulator.ActiveCfg = Debug|iPhoneSimulator
		{C75F6C2C-DE75-4FFE-9330-E252F6A12B89}.Debug|iPhoneSimulator.Build.0 = Debug|iPhoneSimulator
		{C75F6C2C-DE75-4FFE-9330-E252F6A12B89}.Debug|iPhoneSimulator.Deploy.0 = Debug|iPhoneSimulator
		{C75F6C2C-DE75-4FFE-9330-E252F6A12B89}.Release|Any CPU.ActiveCfg = Release|iPhone
		{C75F6C2C-DE75-4FFE-9330-E252F6A12B89}.Release|Any CPU.Build.0 = Release|iPhone
		{C75F6C2C-DE75-4FFE-9330-E252F6A12B89}.Release|Any CPU.Deploy.0 = Release|iPhone
		{C75F6C2C-DE75-4FFE-9330-E252F6A12B89}.Release|iPhone.ActiveCfg = Release|iPhone
		{C75F6C2C-DE75-4FFE-9330-E252F6A12B89}.Release|iPhone.Build.0 = Release|iPhone
		{C75F6C2C-DE75-4FFE-9330-E252F6A12B89}.Release|iPhone.Deploy.0 = Release|iPhone
		{C75F6C2C-DE75-4FFE-9330-E252F6A12B89}.Release|iPhoneSimulator.ActiveCfg = Release|iPhoneSimulator
		{C75F6C2C-DE75-4FFE-9330-E252F6A12B89}.Release|iPhoneSimulator.Build.0 = Release|iPhoneSimulator
		{C75F6C2C-DE75-4FFE-9330-E252F6A12B89}.Release|iPhoneSimulator.Deploy.0 = Release|iPhoneSimulator
		{65484B4D-9128-4E87-889A-4D07AFB80DE3}.Debug|Any CPU.ActiveCfg = Debug|Any CPU
		{65484B4D-9128-4E87-889A-4D07AFB80DE3}.Debug|Any CPU.Build.0 = Debug|Any CPU
		{65484B4D-9128-4E87-889A-4D07AFB80DE3}.Debug|Any CPU.Deploy.0 = Debug|Any CPU
		{65484B4D-9128-4E87-889A-4D07AFB80DE3}.Debug|iPhone.ActiveCfg = Debug|Any CPU
		{65484B4D-9128-4E87-889A-4D07AFB80DE3}.Debug|iPhone.Build.0 = Debug|Any CPU
		{65484B4D-9128-4E87-889A-4D07AFB80DE3}.Debug|iPhone.Deploy.0 = Debug|Any CPU
		{65484B4D-9128-4E87-889A-4D07AFB80DE3}.Debug|iPhoneSimulator.ActiveCfg = Debug|Any CPU
		{65484B4D-9128-4E87-889A-4D07AFB80DE3}.Debug|iPhoneSimulator.Build.0 = Debug|Any CPU
		{65484B4D-9128-4E87-889A-4D07AFB80DE3}.Debug|iPhoneSimulator.Deploy.0 = Debug|Any CPU
		{65484B4D-9128-4E87-889A-4D07AFB80DE3}.Release|Any CPU.ActiveCfg = Release|Any CPU
		{65484B4D-9128-4E87-889A-4D07AFB80DE3}.Release|Any CPU.Build.0 = Release|Any CPU
		{65484B4D-9128-4E87-889A-4D07AFB80DE3}.Release|Any CPU.Deploy.0 = Release|Any CPU
		{65484B4D-9128-4E87-889A-4D07AFB80DE3}.Release|iPhone.ActiveCfg = Release|Any CPU
		{65484B4D-9128-4E87-889A-4D07AFB80DE3}.Release|iPhone.Build.0 = Release|Any CPU
		{65484B4D-9128-4E87-889A-4D07AFB80DE3}.Release|iPhone.Deploy.0 = Release|Any CPU
		{65484B4D-9128-4E87-889A-4D07AFB80DE3}.Release|iPhoneSimulator.ActiveCfg = Release|Any CPU
		{65484B4D-9128-4E87-889A-4D07AFB80DE3}.Release|iPhoneSimulator.Build.0 = Release|Any CPU
		{65484B4D-9128-4E87-889A-4D07AFB80DE3}.Release|iPhoneSimulator.Deploy.0 = Release|Any CPU
		{679BACB5-07A0-4BE1-A513-54D6492FA9B7}.Debug|Any CPU.ActiveCfg = Debug|Any CPU
		{679BACB5-07A0-4BE1-A513-54D6492FA9B7}.Debug|Any CPU.Build.0 = Debug|Any CPU
		{679BACB5-07A0-4BE1-A513-54D6492FA9B7}.Debug|iPhone.ActiveCfg = Debug|Any CPU
		{679BACB5-07A0-4BE1-A513-54D6492FA9B7}.Debug|iPhone.Build.0 = Debug|Any CPU
		{679BACB5-07A0-4BE1-A513-54D6492FA9B7}.Debug|iPhoneSimulator.ActiveCfg = Debug|Any CPU
		{679BACB5-07A0-4BE1-A513-54D6492FA9B7}.Debug|iPhoneSimulator.Build.0 = Debug|Any CPU
		{679BACB5-07A0-4BE1-A513-54D6492FA9B7}.Release|Any CPU.ActiveCfg = Release|Any CPU
		{679BACB5-07A0-4BE1-A513-54D6492FA9B7}.Release|Any CPU.Build.0 = Release|Any CPU
		{679BACB5-07A0-4BE1-A513-54D6492FA9B7}.Release|iPhone.ActiveCfg = Release|Any CPU
		{679BACB5-07A0-4BE1-A513-54D6492FA9B7}.Release|iPhone.Build.0 = Release|Any CPU
		{679BACB5-07A0-4BE1-A513-54D6492FA9B7}.Release|iPhoneSimulator.ActiveCfg = Release|Any CPU
		{679BACB5-07A0-4BE1-A513-54D6492FA9B7}.Release|iPhoneSimulator.Build.0 = Release|Any CPU
	EndGlobalSection
	GlobalSection(SolutionProperties) = preSolution
		HideSolutionNode = FALSE
	EndGlobalSection
	GlobalSection(ExtensibilityGlobals) = postSolution
		SolutionGuid = {9ECC59FC-C823-4B5A-8C7C-CC805B741578}
	EndGlobalSection
EndGlobal
